
Microsoft Visual Studio Solution File, Format Version 12.00
# Visual Studio Version 17
VisualStudioVersion = 17.7.34031.279
MinimumVisualStudioVersion = 10.0.40219.1
Project("{8BC9CEB8-8B4A-11D0-8D11-00A0C91BC942}") = "Project114", "Project114\Project114.vcxproj", "{FB4C8FBB-E9C3-4095-BB82-65AD89D020F7}"
EndProject
Global
	GlobalSection(SolutionConfigurationPlatforms) = preSolution
		Debug|x64 = Debug|x64
		Debug|x86 = Debug|x86
		Release|x64 = Release|x64
		Release|x86 = Release|x86
	EndGlobalSection
	GlobalSection(ProjectConfigurationPlatforms) = postSolution
		{FB4C8FBB-E9C3-4095-BB82-65AD89D020F7}.Debug|x64.ActiveCfg = Debug|x64
		{FB4C8FBB-E9C3-4095-BB82-65AD89D020F7}.Debug|x64.Build.0 = Debug|x64
		{FB4C8FBB-E9C3-4095-BB82-65AD89D020F7}.Debug|x86.ActiveCfg = Debug|Win32
		{FB4C8FBB-E9C3-4095-BB82-65AD89D020F7}.Debug|x86.Build.0 = Debug|Win32
		{FB4C8FBB-E9C3-4095-BB82-65AD89D020F7}.Release|x64.ActiveCfg = Release|x64
		{FB4C8FBB-E9C3-4095-BB82-65AD89D020F7}.Release|x64.Build.0 = Release|x64
		{FB4C8FBB-E9C3-4095-BB82-65AD89D020F7}.Release|x86.ActiveCfg = Release|Win32
		{FB4C8FBB-E9C3-4095-BB82-65AD89D020F7}.Release|x86.Build.0 = Release|Win32
	EndGlobalSection
	GlobalSection(SolutionProperties) = preSolution
		HideSolutionNode = FALSE
	EndGlobalSection
	GlobalSection(ExtensibilityGlobals) = postSolution
		SolutionGuid = {A259F924-5BAF-4E12-AB28-9A606D0B96AD}
	EndGlobalSection
EndGlobal
